<?xml version="1.0" encoding="utf-8"?>
<Project ToolsVersion="4.0" xmlns="http://schemas.microsoft.com/developer/msbuild/2003">
  <ItemGroup>
    <Filter Include="Header Files">
      <UniqueIdentifier>{93995380-89BD-4b04-88EB-625FBE52EBFB}</UniqueIdentifier>
      <Extensions>h;hh;hpp;hxx;h++;hm;inl;inc;ipp;xsd</Extensions>
    </Filter>
    <Filter Include="assets">
      <UniqueIdentifier>{4a7949c6-2a25-43f3-8818-67f47f2cf7e8}</UniqueIdentifier>
    </Filter>
    <Filter Include="assets\textures">
      <UniqueIdentifier>{bb21982b-4b1d-459e-adae-a6e49407435d}</UniqueIdentifier>
    </Filter>
    <Filter Include="assets\textures\player">
      <UniqueIdentifier>{3cbbc994-9916-4c40-a1db-5bdf9401acd5}</UniqueIdentifier>
    </Filter>
    <Filter Include="assets\textures\tilesets">
      <UniqueIdentifier>{cef9f49b-945d-49fe-b212-7bf0ea9876f4}</UniqueIdentifier>
    </Filter>
    <Filter Include="assets\data">
      <UniqueIdentifier>{ba1336ac-1f94-4f14-8085-4f1e27cdb434}</UniqueIdentifier>
    </Filter>
    <Filter Include="cidsrc">
      <UniqueIdentifier>{4FC737F1-C7A5-4376-A066-2A32D752A2FF}</UniqueIdentifier>
      <Extensions>cpp;c;cc;cxx;c++;cppm;ixx;def;odl;idl;hpj;bat;asm;asmx</Extensions>
    </Filter>
    <Filter Include="cidsrc\stage">
      <UniqueIdentifier>{09c2fd49-ab93-42ec-8752-006b5796712f}</UniqueIdentifier>
    </Filter>
  </ItemGroup>
  <ItemGroup>
    <ClInclude Include="olcPGEX_Network.h">
      <Filter>Header Files</Filter>
    </ClInclude>
    <ClInclude Include="olcPGEX_TransformedView.h">
      <Filter>Header Files</Filter>
    </ClInclude>
    <ClInclude Include="cidsrc\stage\StageData.h">
      <Filter>cidsrc\stage</Filter>
    </ClInclude>
    <ClInclude Include="cidsrc\stage\StageLoader.h">
      <Filter>cidsrc\stage</Filter>
    </ClInclude>
  </ItemGroup>
  <ItemGroup>
    <Image Include="assets\textures\tilesets\stage_1_tileset.png">
      <Filter>assets\textures\tilesets</Filter>
    </Image>
    <Image Include="assets\textures\players\playerSheet.png">
      <Filter>assets\textures\player</Filter>
    </Image>
  </ItemGroup>
  <ItemGroup>
    <None Include="assets\data\stage_1.json">
      <Filter>assets\data</Filter>
    </None>
  </ItemGroup>
  <ItemGroup>
    <ClCompile Include="MMO_Client.cpp">
      <Filter>cidsrc</Filter>
    </ClCompile>
    <ClCompile Include="cidsrc\stage\StageLoader.cpp">
      <Filter>cidsrc\stage</Filter>
    </ClCompile>
  </ItemGroup>
</Project>